
Microsoft Visual Studio Solution File, Format Version 12.00
# Visual Studio Version 16
VisualStudioVersion = 16.0.31702.278
MinimumVisualStudioVersion = 10.0.40219.1
Project("{8BC9CEB8-8B4A-11D0-8D11-00A0C91BC942}") = "第二节笔记", "第二节笔记\第二节笔记.vcxproj", "{6AF94616-8397-487F-ADC6-6FBACCFD44BB}"
EndProject
Global
	GlobalSection(SolutionConfigurationPlatforms) = preSolution
		Debug|x64 = Debug|x64
		Debug|x86 = Debug|x86
		Release|x64 = Release|x64
		Release|x86 = Release|x86
	EndGlobalSection
	GlobalSection(ProjectConfigurationPlatforms) = postSolution
		{6AF94616-8397-487F-ADC6-6FBACCFD44BB}.Debug|x64.ActiveCfg = Debug|x64
		{6AF94616-8397-487F-ADC6-6FBACCFD44BB}.Debug|x64.Build.0 = Debug|x64
		{6AF94616-8397-487F-ADC6-6FBACCFD44BB}.Debug|x86.ActiveCfg = Debug|Win32
		{6AF94616-8397-487F-ADC6-6FBACCFD44BB}.Debug|x86.Build.0 = Debug|Win32
		{6AF94616-8397-487F-ADC6-6FBACCFD44BB}.Release|x64.ActiveCfg = Release|x64
		{6AF94616-8397-487F-ADC6-6FBACCFD44BB}.Release|x64.Build.0 = Release|x64
		{6AF94616-8397-487F-ADC6-6FBACCFD44BB}.Release|x86.ActiveCfg = Release|Win32
		{6AF94616-8397-487F-ADC6-6FBACCFD44BB}.Release|x86.Build.0 = Release|Win32
	EndGlobalSection
	GlobalSection(SolutionProperties) = preSolution
		HideSolutionNode = FALSE
	EndGlobalSection
	GlobalSection(ExtensibilityGlobals) = postSolution
		SolutionGuid = {8A9E092D-1575-43BB-BD2D-580143CD38A8}
	EndGlobalSection
EndGlobal
